
Microsoft Visual Studio Solution File, Format Version 12.00
# Visual Studio Version 17
VisualStudioVersion = 17.6.33829.357
MinimumVisualStudioVersion = 10.0.40219.1
Project("{FAE04EC0-301F-11D3-BF4B-00C04F79EFBC}") = "PrimeiroProjeto", "PrimeiroProjeto\PrimeiroProjeto.csproj", "{77384B5C-6B68-4F67-94C6-F8F87CF670D7}"
EndProject
Global
	GlobalSection(SolutionConfigurationPlatforms) = preSolution
		Debug|Any CPU = Debug|Any CPU
		Release|Any CPU = Release|Any CPU
	EndGlobalSection
	GlobalSection(ProjectConfigurationPlatforms) = postSolution
		{77384B5C-6B68-4F67-94C6-F8F87CF670D7}.Debug|Any CPU.ActiveCfg = Debug|Any CPU
		{77384B5C-6B68-4F67-94C6-F8F87CF670D7}.Debug|Any CPU.Build.0 = Debug|Any CPU
		{77384B5C-6B68-4F67-94C6-F8F87CF670D7}.Release|Any CPU.ActiveCfg = Release|Any CPU
		{77384B5C-6B68-4F67-94C6-F8F87CF670D7}.Release|Any CPU.Build.0 = Release|Any CPU
	EndGlobalSection
	GlobalSection(SolutionProperties) = preSolution
		HideSolutionNode = FALSE
	EndGlobalSection
	GlobalSection(ExtensibilityGlobals) = postSolution
		SolutionGuid = {A96B0DB4-2F86-408E-BDF7-D347DDA226F8}
	EndGlobalSection
EndGlobal
